
Microsoft Visual Studio Solution File, Format Version 9.00
# Visual Studio 2005
# SharpDevelop 2.2.1.2648
Project("{FAE04EC0-301F-11D3-BF4B-00C04F79EFBC}") = "MyEmail", "MyEmail.csproj", "{61A244A9-BC91-4753-BB61-9B3A39EB6652}"
EndProject
Global
	GlobalSection(SolutionConfigurationPlatforms) = preSolution
		Debug|Any CPU = Debug|Any CPU
		Release|Any CPU = Release|Any CPU
	EndGlobalSection
	GlobalSection(ProjectConfigurationPlatforms) = postSolution
		{61A244A9-BC91-4753-BB61-9B3A39EB6652}.Debug|Any CPU.Build.0 = Debug|Any CPU
		{61A244A9-BC91-4753-BB61-9B3A39EB6652}.Debug|Any CPU.ActiveCfg = Debug|Any CPU
		{61A244A9-BC91-4753-BB61-9B3A39EB6652}.Release|Any CPU.Build.0 = Release|Any CPU
		{61A244A9-BC91-4753-BB61-9B3A39EB6652}.Release|Any CPU.ActiveCfg = Release|Any CPU
	EndGlobalSection
EndGlobal
